// !$*UTF8*$!
{
	archiveVersion = 1;
	classes = {
	};
	objectVersion = 50;
	objects = {

/* Begin PBXBuildFile section */
		338CC82B245C3A3A00AF3AB1 /* AppDelegate.swift in Sources */ = {isa = PBXBuildFile; fileRef = 338CC82A245C3A3A00AF3AB1 /* AppDelegate.swift */; };
		338CC82D245C3A3A00AF3AB1 /* SceneDelegate.swift in Sources */ = {isa = PBXBuildFile; fileRef = 338CC82C245C3A3A00AF3AB1 /* SceneDelegate.swift */; };
		338CC832245C3A3A00AF3AB1 /* Main.storyboard in Resources */ = {isa = PBXBuildFile; fileRef = 338CC830245C3A3A00AF3AB1 /* Main.storyboard */; };
		338CC834245C3A3C00AF3AB1 /* Assets.xcassets in Resources */ = {isa = PBXBuildFile; fileRef = 338CC833245C3A3C00AF3AB1 /* Assets.xcassets */; };
		338CC837245C3A3C00AF3AB1 /* LaunchScreen.storyboard in Resources */ = {isa = PBXBuildFile; fileRef = 338CC835245C3A3C00AF3AB1 /* LaunchScreen.storyboard */; };
		338CC842245C3A3C00AF3AB1 /* MyDouYuLiveTests.swift in Sources */ = {isa = PBXBuildFile; fileRef = 338CC841245C3A3C00AF3AB1 /* MyDouYuLiveTests.swift */; };
		338CC84D245C3A3C00AF3AB1 /* MyDouYuLiveUITests.swift in Sources */ = {isa = PBXBuildFile; fileRef = 338CC84C245C3A3C00AF3AB1 /* MyDouYuLiveUITests.swift */; };
		338CC898245FABA200AF3AB1 /* SJFollowVC.swift in Sources */ = {isa = PBXBuildFile; fileRef = 338CC87E245FABA200AF3AB1 /* SJFollowVC.swift */; };
		338CC899245FABA200AF3AB1 /* SJHomeVC.swift in Sources */ = {isa = PBXBuildFile; fileRef = 338CC883245FABA200AF3AB1 /* SJHomeVC.swift */; };
		338CC89A245FABA200AF3AB1 /* SJColorTools.swift in Sources */ = {isa = PBXBuildFile; fileRef = 338CC885245FABA200AF3AB1 /* SJColorTools.swift */; };
		338CC89B245FABA200AF3AB1 /* SJCommen.swift in Sources */ = {isa = PBXBuildFile; fileRef = 338CC886245FABA200AF3AB1 /* SJCommen.swift */; };
		338CC89C245FABA200AF3AB1 /* SJMineVC.swift in Sources */ = {isa = PBXBuildFile; fileRef = 338CC888245FABA200AF3AB1 /* SJMineVC.swift */; };
		338CC89D245FABA200AF3AB1 /* SJLiveVC.swift in Sources */ = {isa = PBXBuildFile; fileRef = 338CC890245FABA200AF3AB1 /* SJLiveVC.swift */; };
		338CC89E245FABA200AF3AB1 /* SJNavigationController.swift in Sources */ = {isa = PBXBuildFile; fileRef = 338CC893245FABA200AF3AB1 /* SJNavigationController.swift */; };
		338CC89F245FABA200AF3AB1 /* SJBaseVC.swift in Sources */ = {isa = PBXBuildFile; fileRef = 338CC894245FABA200AF3AB1 /* SJBaseVC.swift */; };
		338CC8A0245FABA200AF3AB1 /* SJTabBarController.swift in Sources */ = {isa = PBXBuildFile; fileRef = 338CC895245FABA200AF3AB1 /* SJTabBarController.swift */; };
		338CC8A1245FABA200AF3AB1 /* SJBaseView.swift in Sources */ = {isa = PBXBuildFile; fileRef = 338CC897245FABA200AF3AB1 /* SJBaseView.swift */; };
		338CC8A4245FAEA900AF3AB1 /* UIBarButtonItem-Extension.swift in Sources */ = {isa = PBXBuildFile; fileRef = 338CC8A3245FAEA900AF3AB1 /* UIBarButtonItem-Extension.swift */; };
		338CC8A6245FBC4500AF3AB1 /* SJPageTitleView.swift in Sources */ = {isa = PBXBuildFile; fileRef = 338CC8A5245FBC4500AF3AB1 /* SJPageTitleView.swift */; };
		378E8ACB80C554F3A55B2155 /* Pods_MyDouYuLive.framework in Frameworks */ = {isa = PBXBuildFile; fileRef = F06D710C76E05E239527CF50 /* Pods_MyDouYuLive.framework */; };
/* End PBXBuildFile section */

/* Begin PBXContainerItemProxy section */
		338CC83E245C3A3C00AF3AB1 /* PBXContainerItemProxy */ = {
			isa = PBXContainerItemProxy;
			containerPortal = 338CC81F245C3A3A00AF3AB1 /* Project object */;
			proxyType = 1;
			remoteGlobalIDString = 338CC826245C3A3A00AF3AB1;
			remoteInfo = MyDouYuLive;
		};
		338CC849245C3A3C00AF3AB1 /* PBXContainerItemProxy */ = {
			isa = PBXContainerItemProxy;
			containerPortal = 338CC81F245C3A3A00AF3AB1 /* Project object */;
			proxyType = 1;
			remoteGlobalIDString = 338CC826245C3A3A00AF3AB1;
			remoteInfo = MyDouYuLive;
		};
/* End PBXContainerItemProxy section */

/* Begin PBXFileReference section */
		264A493CBA6D412B30C0D580 /* Pods-MyDouYuLive.debug.xcconfig */ = {isa = PBXFileReference; includeInIndex = 1; lastKnownFileType = text.xcconfig; name = "Pods-MyDouYuLive.debug.xcconfig"; path = "Target Support Files/Pods-MyDouYuLive/Pods-MyDouYuLive.debug.xcconfig"; sourceTree = "<group>"; };
		338CC827245C3A3A00AF3AB1 /* MyDouYuLive.app */ = {isa = PBXFileReference; explicitFileType = wrapper.application; includeInIndex = 0; path = MyDouYuLive.app; sourceTree = BUILT_PRODUCTS_DIR; };
		338CC82A245C3A3A00AF3AB1 /* AppDelegate.swift */ = {isa = PBXFileReference; lastKnownFileType = sourcecode.swift; path = AppDelegate.swift; sourceTree = "<group>"; };
		338CC82C245C3A3A00AF3AB1 /* SceneDelegate.swift */ = {isa = PBXFileReference; lastKnownFileType = sourcecode.swift; path = SceneDelegate.swift; sourceTree = "<group>"; };
		338CC831245C3A3A00AF3AB1 /* Base */ = {isa = PBXFileReference; lastKnownFileType = file.storyboard; name = Base; path = Base.lproj/Main.storyboard; sourceTree = "<group>"; };
		338CC833245C3A3C00AF3AB1 /* Assets.xcassets */ = {isa = PBXFileReference; lastKnownFileType = folder.assetcatalog; path = Assets.xcassets; sourceTree = "<group>"; };
		338CC836245C3A3C00AF3AB1 /* Base */ = {isa = PBXFileReference; lastKnownFileType = file.storyboard; name = Base; path = Base.lproj/LaunchScreen.storyboard; sourceTree = "<group>"; };
		338CC838245C3A3C00AF3AB1 /* Info.plist */ = {isa = PBXFileReference; lastKnownFileType = text.plist.xml; path = Info.plist; sourceTree = "<group>"; };
		338CC83D245C3A3C00AF3AB1 /* MyDouYuLiveTests.xctest */ = {isa = PBXFileReference; explicitFileType = wrapper.cfbundle; includeInIndex = 0; path = MyDouYuLiveTests.xctest; sourceTree = BUILT_PRODUCTS_DIR; };
		338CC841245C3A3C00AF3AB1 /* MyDouYuLiveTests.swift */ = {isa = PBXFileReference; lastKnownFileType = sourcecode.swift; path = MyDouYuLiveTests.swift; sourceTree = "<group>"; };
		338CC843245C3A3C00AF3AB1 /* Info.plist */ = {isa = PBXFileReference; lastKnownFileType = text.plist.xml; path = Info.plist; sourceTree = "<group>"; };
		338CC848245C3A3C00AF3AB1 /* MyDouYuLiveUITests.xctest */ = {isa = PBXFileReference; explicitFileType = wrapper.cfbundle; includeInIndex = 0; path = MyDouYuLiveUITests.xctest; sourceTree = BUILT_PRODUCTS_DIR; };
		338CC84C245C3A3C00AF3AB1 /* MyDouYuLiveUITests.swift */ = {isa = PBXFileReference; lastKnownFileType = sourcecode.swift; path = MyDouYuLiveUITests.swift; sourceTree = "<group>"; };
		338CC84E245C3A3C00AF3AB1 /* Info.plist */ = {isa = PBXFileReference; lastKnownFileType = text.plist.xml; path = Info.plist; sourceTree = "<group>"; };
		338CC87E245FABA200AF3AB1 /* SJFollowVC.swift */ = {isa = PBXFileReference; fileEncoding = 4; lastKnownFileType = sourcecode.swift; path = SJFollowVC.swift; sourceTree = "<group>"; };
		338CC883245FABA200AF3AB1 /* SJHomeVC.swift */ = {isa = PBXFileReference; fileEncoding = 4; lastKnownFileType = sourcecode.swift; path = SJHomeVC.swift; sourceTree = "<group>"; };
		338CC885245FABA200AF3AB1 /* SJColorTools.swift */ = {isa = PBXFileReference; fileEncoding = 4; lastKnownFileType = sourcecode.swift; path = SJColorTools.swift; sourceTree = "<group>"; };
		338CC886245FABA200AF3AB1 /* SJCommen.swift */ = {isa = PBXFileReference; fileEncoding = 4; lastKnownFileType = sourcecode.swift; path = SJCommen.swift; sourceTree = "<group>"; };
		338CC888245FABA200AF3AB1 /* SJMineVC.swift */ = {isa = PBXFileReference; fileEncoding = 4; lastKnownFileType = sourcecode.swift; path = SJMineVC.swift; sourceTree = "<group>"; };
		338CC890245FABA200AF3AB1 /* SJLiveVC.swift */ = {isa = PBXFileReference; fileEncoding = 4; lastKnownFileType = sourcecode.swift; path = SJLiveVC.swift; sourceTree = "<group>"; };
		338CC893245FABA200AF3AB1 /* SJNavigationController.swift */ = {isa = PBXFileReference; fileEncoding = 4; lastKnownFileType = sourcecode.swift; path = SJNavigationController.swift; sourceTree = "<group>"; };
		338CC894245FABA200AF3AB1 /* SJBaseVC.swift */ = {isa = PBXFileReference; fileEncoding = 4; lastKnownFileType = sourcecode.swift; path = SJBaseVC.swift; sourceTree = "<group>"; };
		338CC895245FABA200AF3AB1 /* SJTabBarController.swift */ = {isa = PBXFileReference; fileEncoding = 4; lastKnownFileType = sourcecode.swift; path = SJTabBarController.swift; sourceTree = "<group>"; };
		338CC897245FABA200AF3AB1 /* SJBaseView.swift */ = {isa = PBXFileReference; fileEncoding = 4; lastKnownFileType = sourcecode.swift; path = SJBaseView.swift; sourceTree = "<group>"; };
		338CC8A3245FAEA900AF3AB1 /* UIBarButtonItem-Extension.swift */ = {isa = PBXFileReference; lastKnownFileType = sourcecode.swift; path = "UIBarButtonItem-Extension.swift"; sourceTree = "<group>"; };
		338CC8A5245FBC4500AF3AB1 /* SJPageTitleView.swift */ = {isa = PBXFileReference; lastKnownFileType = sourcecode.swift; path = SJPageTitleView.swift; sourceTree = "<group>"; };
		D83768DFCAC7399A611E4E1D /* Pods-MyDouYuLive.release.xcconfig */ = {isa = PBXFileReference; includeInIndex = 1; lastKnownFileType = text.xcconfig; name = "Pods-MyDouYuLive.release.xcconfig"; path = "Target Support Files/Pods-MyDouYuLive/Pods-MyDouYuLive.release.xcconfig"; sourceTree = "<group>"; };
		F06D710C76E05E239527CF50 /* Pods_MyDouYuLive.framework */ = {isa = PBXFileReference; explicitFileType = wrapper.framework; includeInIndex = 0; path = Pods_MyDouYuLive.framework; sourceTree = BUILT_PRODUCTS_DIR; };
/* End PBXFileReference section */

/* Begin PBXFrameworksBuildPhase section */
		338CC824245C3A3A00AF3AB1 /* Frameworks */ = {
			isa = PBXFrameworksBuildPhase;
			buildActionMask = 2147483647;
			files = (
				378E8ACB80C554F3A55B2155 /* Pods_MyDouYuLive.framework in Frameworks */,
			);
			runOnlyForDeploymentPostprocessing = 0;
		};
		338CC83A245C3A3C00AF3AB1 /* Frameworks */ = {
			isa = PBXFrameworksBuildPhase;
			buildActionMask = 2147483647;
			files = (
			);
			runOnlyForDeploymentPostprocessing = 0;
		};
		338CC845245C3A3C00AF3AB1 /* Frameworks */ = {
			isa = PBXFrameworksBuildPhase;
			buildActionMask = 2147483647;
			files = (
			);
			runOnlyForDeploymentPostprocessing = 0;
		};
/* End PBXFrameworksBuildPhase section */

/* Begin PBXGroup section */
		338CC81E245C3A3A00AF3AB1 = {
			isa = PBXGroup;
			children = (
				338CC829245C3A3A00AF3AB1 /* MyDouYuLive */,
				338CC840245C3A3C00AF3AB1 /* MyDouYuLiveTests */,
				338CC84B245C3A3C00AF3AB1 /* MyDouYuLiveUITests */,
				338CC828245C3A3A00AF3AB1 /* Products */,
				BBD162E13C0ECA54FC2EE63D /* Pods */,
				457FFD60E436451A80D9901B /* Frameworks */,
			);
			sourceTree = "<group>";
		};
		338CC828245C3A3A00AF3AB1 /* Products */ = {
			isa = PBXGroup;
			children = (
				338CC827245C3A3A00AF3AB1 /* MyDouYuLive.app */,
				338CC83D245C3A3C00AF3AB1 /* MyDouYuLiveTests.xctest */,
				338CC848245C3A3C00AF3AB1 /* MyDouYuLiveUITests.xctest */,
			);
			name = Products;
			sourceTree = "<group>";
		};
		338CC829245C3A3A00AF3AB1 /* MyDouYuLive */ = {
			isa = PBXGroup;
			children = (
				338CC879245FABA200AF3AB1 /* Classes */,
				338CC82A245C3A3A00AF3AB1 /* AppDelegate.swift */,
				338CC82C245C3A3A00AF3AB1 /* SceneDelegate.swift */,
				338CC830245C3A3A00AF3AB1 /* Main.storyboard */,
				338CC833245C3A3C00AF3AB1 /* Assets.xcassets */,
				338CC835245C3A3C00AF3AB1 /* LaunchScreen.storyboard */,
				338CC838245C3A3C00AF3AB1 /* Info.plist */,
			);
			path = MyDouYuLive;
			sourceTree = "<group>";
		};
		338CC840245C3A3C00AF3AB1 /* MyDouYuLiveTests */ = {
			isa = PBXGroup;
			children = (
				338CC841245C3A3C00AF3AB1 /* MyDouYuLiveTests.swift */,
				338CC843245C3A3C00AF3AB1 /* Info.plist */,
			);
			path = MyDouYuLiveTests;
			sourceTree = "<group>";
		};
		338CC84B245C3A3C00AF3AB1 /* MyDouYuLiveUITests */ = {
			isa = PBXGroup;
			children = (
				338CC84C245C3A3C00AF3AB1 /* MyDouYuLiveUITests.swift */,
				338CC84E245C3A3C00AF3AB1 /* Info.plist */,
			);
			path = MyDouYuLiveUITests;
			sourceTree = "<group>";
		};
		338CC879245FABA200AF3AB1 /* Classes */ = {
			isa = PBXGroup;
			children = (
				338CC891245FABA200AF3AB1 /* Main */,
				338CC87F245FABA200AF3AB1 /* Home(首页) */,
				338CC88C245FABA200AF3AB1 /* Live(直播) */,
				338CC87A245FABA200AF3AB1 /* Follow(关注) */,
				338CC887245FABA200AF3AB1 /* Mine(我的) */,
				338CC884245FABA200AF3AB1 /* Tools */,
			);
			path = Classes;
			sourceTree = "<group>";
		};
		338CC87A245FABA200AF3AB1 /* Follow(关注) */ = {
			isa = PBXGroup;
			children = (
				338CC87B245FABA200AF3AB1 /* Controller */,
				338CC87C245FABA200AF3AB1 /* Model */,
				338CC87D245FABA200AF3AB1 /* View */,
				338CC87E245FABA200AF3AB1 /* SJFollowVC.swift */,
			);
			path = "Follow(关注)";
			sourceTree = "<group>";
		};
		338CC87B245FABA200AF3AB1 /* Controller */ = {
			isa = PBXGroup;
			children = (
			);
			path = Controller;
			sourceTree = "<group>";
		};
		338CC87C245FABA200AF3AB1 /* Model */ = {
			isa = PBXGroup;
			children = (
			);
			path = Model;
			sourceTree = "<group>";
		};
		338CC87D245FABA200AF3AB1 /* View */ = {
			isa = PBXGroup;
			children = (
			);
			path = View;
			sourceTree = "<group>";
		};
		338CC87F245FABA200AF3AB1 /* Home(首页) */ = {
			isa = PBXGroup;
			children = (
				338CC880245FABA200AF3AB1 /* Controller */,
				338CC881245FABA200AF3AB1 /* Model */,
				338CC882245FABA200AF3AB1 /* View */,
				338CC883245FABA200AF3AB1 /* SJHomeVC.swift */,
			);
			path = "Home(首页)";
			sourceTree = "<group>";
		};
		338CC880245FABA200AF3AB1 /* Controller */ = {
			isa = PBXGroup;
			children = (
			);
			path = Controller;
			sourceTree = "<group>";
		};
		338CC881245FABA200AF3AB1 /* Model */ = {
			isa = PBXGroup;
			children = (
			);
			path = Model;
			sourceTree = "<group>";
		};
		338CC882245FABA200AF3AB1 /* View */ = {
			isa = PBXGroup;
			children = (
			);
			path = View;
			sourceTree = "<group>";
		};
		338CC884245FABA200AF3AB1 /* Tools */ = {
			isa = PBXGroup;
			children = (
				338CC8A2245FAE7C00AF3AB1 /* Extension */,
				338CC885245FABA200AF3AB1 /* SJColorTools.swift */,
				338CC886245FABA200AF3AB1 /* SJCommen.swift */,
			);
			path = Tools;
			sourceTree = "<group>";
		};
		338CC887245FABA200AF3AB1 /* Mine(我的) */ = {
			isa = PBXGroup;
			children = (
				338CC889245FABA200AF3AB1 /* Controller */,
				338CC88A245FABA200AF3AB1 /* Model */,
				338CC88B245FABA200AF3AB1 /* View */,
				338CC888245FABA200AF3AB1 /* SJMineVC.swift */,
			);
			path = "Mine(我的)";
			sourceTree = "<group>";
		};
		338CC889245FABA200AF3AB1 /* Controller */ = {
			isa = PBXGroup;
			children = (
			);
			path = Controller;
			sourceTree = "<group>";
		};
		338CC88A245FABA200AF3AB1 /* Model */ = {
			isa = PBXGroup;
			children = (
			);
			path = Model;
			sourceTree = "<group>";
		};
		338CC88B245FABA200AF3AB1 /* View */ = {
			isa = PBXGroup;
			children = (
			);
			path = View;
			sourceTree = "<group>";
		};
		338CC88C245FABA200AF3AB1 /* Live(直播) */ = {
			isa = PBXGroup;
			children = (
				338CC88D245FABA200AF3AB1 /* Controller */,
				338CC88E245FABA200AF3AB1 /* Model */,
				338CC88F245FABA200AF3AB1 /* View */,
				338CC890245FABA200AF3AB1 /* SJLiveVC.swift */,
			);
			path = "Live(直播)";
			sourceTree = "<group>";
		};
		338CC88D245FABA200AF3AB1 /* Controller */ = {
			isa = PBXGroup;
			children = (
			);
			path = Controller;
			sourceTree = "<group>";
		};
		338CC88E245FABA200AF3AB1 /* Model */ = {
			isa = PBXGroup;
			children = (
			);
			path = Model;
			sourceTree = "<group>";
		};
		338CC88F245FABA200AF3AB1 /* View */ = {
			isa = PBXGroup;
			children = (
			);
			path = View;
			sourceTree = "<group>";
		};
		338CC891245FABA200AF3AB1 /* Main */ = {
			isa = PBXGroup;
			children = (
				338CC892245FABA200AF3AB1 /* Controller */,
				338CC896245FABA200AF3AB1 /* View */,
			);
			path = Main;
			sourceTree = "<group>";
		};
		338CC892245FABA200AF3AB1 /* Controller */ = {
			isa = PBXGroup;
			children = (
				338CC893245FABA200AF3AB1 /* SJNavigationController.swift */,
				338CC894245FABA200AF3AB1 /* SJBaseVC.swift */,
				338CC895245FABA200AF3AB1 /* SJTabBarController.swift */,
			);
			path = Controller;
			sourceTree = "<group>";
		};
		338CC896245FABA200AF3AB1 /* View */ = {
			isa = PBXGroup;
			children = (
				338CC897245FABA200AF3AB1 /* SJBaseView.swift */,
				338CC8A5245FBC4500AF3AB1 /* SJPageTitleView.swift */,
			);
			path = View;
			sourceTree = "<group>";
		};
		338CC8A2245FAE7C00AF3AB1 /* Extension */ = {
			isa = PBXGroup;
			children = (
				338CC8A3245FAEA900AF3AB1 /* UIBarButtonItem-Extension.swift */,
			);
			path = Extension;
			sourceTree = "<group>";
		};
		457FFD60E436451A80D9901B /* Frameworks */ = {
			isa = PBXGroup;
			children = (
				F06D710C76E05E239527CF50 /* Pods_MyDouYuLive.framework */,
			);
			name = Frameworks;
			sourceTree = "<group>";
		};
		BBD162E13C0ECA54FC2EE63D /* Pods */ = {
			isa = PBXGroup;
			children = (
				264A493CBA6D412B30C0D580 /* Pods-MyDouYuLive.debug.xcconfig */,
				D83768DFCAC7399A611E4E1D /* Pods-MyDouYuLive.release.xcconfig */,
			);
			name = Pods;
			path = Pods;
			sourceTree = "<group>";
		};
/* End PBXGroup section */

/* Begin PBXNativeTarget section */
		338CC826245C3A3A00AF3AB1 /* MyDouYuLive */ = {
			isa = PBXNativeTarget;
			buildConfigurationList = 338CC851245C3A3C00AF3AB1 /* Build configuration list for PBXNativeTarget "MyDouYuLive" */;
			buildPhases = (
				A0AC06FC0055EC1038124009 /* [CP] Check Pods Manifest.lock */,
				338CC823245C3A3A00AF3AB1 /* Sources */,
				338CC824245C3A3A00AF3AB1 /* Frameworks */,
				338CC825245C3A3A00AF3AB1 /* Resources */,
				7870217F9B0DF049F7A607E6 /* [CP] Embed Pods Frameworks */,
			);
			buildRules = (
			);
			dependencies = (
			);
			name = MyDouYuLive;
			productName = MyDouYuLive;
			productReference = 338CC827245C3A3A00AF3AB1 /* MyDouYuLive.app */;
			productType = "com.apple.product-type.application";
		};
		338CC83C245C3A3C00AF3AB1 /* MyDouYuLiveTests */ = {
			isa = PBXNativeTarget;
			buildConfigurationList = 338CC854245C3A3C00AF3AB1 /* Build configuration list for PBXNativeTarget "MyDouYuLiveTests" */;
			buildPhases = (
				338CC839245C3A3C00AF3AB1 /* Sources */,
				338CC83A245C3A3C00AF3AB1 /* Frameworks */,
				338CC83B245C3A3C00AF3AB1 /* Resources */,
			);
			buildRules = (
			);
			dependencies = (
				338CC83F245C3A3C00AF3AB1 /* PBXTargetDependency */,
			);
			name = MyDouYuLiveTests;
			productName = MyDouYuLiveTests;
			productReference = 338CC83D245C3A3C00AF3AB1 /* MyDouYuLiveTests.xctest */;
			productType = "com.apple.product-type.bundle.unit-test";
		};
		338CC847245C3A3C00AF3AB1 /* MyDouYuLiveUITests */ = {
			isa = PBXNativeTarget;
			buildConfigurationList = 338CC857245C3A3C00AF3AB1 /* Build configuration list for PBXNativeTarget "MyDouYuLiveUITests" */;
			buildPhases = (
				338CC844245C3A3C00AF3AB1 /* Sources */,
				338CC845245C3A3C00AF3AB1 /* Frameworks */,
				338CC846245C3A3C00AF3AB1 /* Resources */,
			);
			buildRules = (
			);
			dependencies = (
				338CC84A245C3A3C00AF3AB1 /* PBXTargetDependency */,
			);
			name = MyDouYuLiveUITests;
			productName = MyDouYuLiveUITests;
			productReference = 338CC848245C3A3C00AF3AB1 /* MyDouYuLiveUITests.xctest */;
			productType = "com.apple.product-type.bundle.ui-testing";
		};
/* End PBXNativeTarget section */

/* Begin PBXProject section */
		338CC81F245C3A3A00AF3AB1 /* Project object */ = {
			isa = PBXProject;
			attributes = {
				CLASSPREFIX = SJ;
				LastSwiftUpdateCheck = 1140;
				LastUpgradeCheck = 1140;
				ORGANIZATIONNAME = "song jian";
				TargetAttributes = {
					338CC826245C3A3A00AF3AB1 = {
						CreatedOnToolsVersion = 11.4.1;
					};
					338CC83C245C3A3C00AF3AB1 = {
						CreatedOnToolsVersion = 11.4.1;
						TestTargetID = 338CC826245C3A3A00AF3AB1;
					};
					338CC847245C3A3C00AF3AB1 = {
						CreatedOnToolsVersion = 11.4.1;
						TestTargetID = 338CC826245C3A3A00AF3AB1;
					};
				};
			};
			buildConfigurationList = 338CC822245C3A3A00AF3AB1 /* Build configuration list for PBXProject "MyDouYuLive" */;
			compatibilityVersion = "Xcode 9.3";
			developmentRegion = en;
			hasScannedForEncodings = 0;
			knownRegions = (
				en,
				Base,
			);
			mainGroup = 338CC81E245C3A3A00AF3AB1;
			productRefGroup = 338CC828245C3A3A00AF3AB1 /* Products */;
			projectDirPath = "";
			projectRoot = "";
			targets = (
				338CC826245C3A3A00AF3AB1 /* MyDouYuLive */,
				338CC83C245C3A3C00AF3AB1 /* MyDouYuLiveTests */,
				338CC847245C3A3C00AF3AB1 /* MyDouYuLiveUITests */,
			);
		};
/* End PBXProject section */

/* Begin PBXResourcesBuildPhase section */
		338CC825245C3A3A00AF3AB1 /* Resources */ = {
			isa = PBXResourcesBuildPhase;
			buildActionMask = 2147483647;
			files = (
				338CC837245C3A3C00AF3AB1 /* LaunchScreen.storyboard in Resources */,
				338CC834245C3A3C00AF3AB1 /* Assets.xcassets in Resources */,
				338CC832245C3A3A00AF3AB1 /* Main.storyboard in Resources */,
			);
			runOnlyForDeploymentPostprocessing = 0;
		};
		338CC83B245C3A3C00AF3AB1 /* Resources */ = {
			isa = PBXResourcesBuildPhase;
			buildActionMask = 2147483647;
			files = (
			);
			runOnlyForDeploymentPostprocessing = 0;
		};
		338CC846245C3A3C00AF3AB1 /* Resources */ = {
			isa = PBXResourcesBuildPhase;
			buildActionMask = 2147483647;
			files = (
			);
			runOnlyForDeploymentPostprocessing = 0;
		};
/* End PBXResourcesBuildPhase section */

/* Begin PBXShellScriptBuildPhase section */
		7870217F9B0DF049F7A607E6 /* [CP] Embed Pods Frameworks */ = {
			isa = PBXShellScriptBuildPhase;
			buildActionMask = 2147483647;
			files = (
			);
			inputFileListPaths = (
				"${PODS_ROOT}/Target Support Files/Pods-MyDouYuLive/Pods-MyDouYuLive-frameworks-${CONFIGURATION}-input-files.xcfilelist",
			);
			name = "[CP] Embed Pods Frameworks";
			outputFileListPaths = (
				"${PODS_ROOT}/Target Support Files/Pods-MyDouYuLive/Pods-MyDouYuLive-frameworks-${CONFIGURATION}-output-files.xcfilelist",
			);
			runOnlyForDeploymentPostprocessing = 0;
			shellPath = /bin/sh;
			shellScript = "\"${PODS_ROOT}/Target Support Files/Pods-MyDouYuLive/Pods-MyDouYuLive-frameworks.sh\"\n";
			showEnvVarsInLog = 0;
		};
		A0AC06FC0055EC1038124009 /* [CP] Check Pods Manifest.lock */ = {
			isa = PBXShellScriptBuildPhase;
			buildActionMask = 2147483647;
			files = (
			);
			inputFileListPaths = (
			);
			inputPaths = (
				"${PODS_PODFILE_DIR_PATH}/Podfile.lock",
				"${PODS_ROOT}/Manifest.lock",
			);
			name = "[CP] Check Pods Manifest.lock";
			outputFileListPaths = (
			);
			outputPaths = (
				"$(DERIVED_FILE_DIR)/Pods-MyDouYuLive-checkManifestLockResult.txt",
			);
			runOnlyForDeploymentPostprocessing = 0;
			shellPath = /bin/sh;
			shellScript = "diff \"${PODS_PODFILE_DIR_PATH}/Podfile.lock\" \"${PODS_ROOT}/Manifest.lock\" > /dev/null\nif [ $? != 0 ] ; then\n    # print error to STDERR\n    echo \"error: The sandbox is not in sync with the Podfile.lock. Run 'pod install' or update your CocoaPods installation.\" >&2\n    exit 1\nfi\n# This output is used by Xcode 'outputs' to avoid re-running this script phase.\necho \"SUCCESS\" > \"${SCRIPT_OUTPUT_FILE_0}\"\n";
			showEnvVarsInLog = 0;
		};
/* End PBXShellScriptBuildPhase section */

/* Begin PBXSourcesBuildPhase section */
		338CC823245C3A3A00AF3AB1 /* Sources */ = {
			isa = PBXSourcesBuildPhase;
			buildActionMask = 2147483647;
			files = (
				338CC89E245FABA200AF3AB1 /* SJNavigationController.swift in Sources */,
				338CC8A4245FAEA900AF3AB1 /* UIBarButtonItem-Extension.swift in Sources */,
				338CC899245FABA200AF3AB1 /* SJHomeVC.swift in Sources */,
				338CC8A6245FBC4500AF3AB1 /* SJPageTitleView.swift in Sources */,
				338CC8A0245FABA200AF3AB1 /* SJTabBarController.swift in Sources */,
				338CC89A245FABA200AF3AB1 /* SJColorTools.swift in Sources */,
				338CC82B245C3A3A00AF3AB1 /* AppDelegate.swift in Sources */,
				338CC89B245FABA200AF3AB1 /* SJCommen.swift in Sources */,
				338CC8A1245FABA200AF3AB1 /* SJBaseView.swift in Sources */,
				338CC898245FABA200AF3AB1 /* SJFollowVC.swift in Sources */,
				338CC82D245C3A3A00AF3AB1 /* SceneDelegate.swift in Sources */,
				338CC89C245FABA200AF3AB1 /* SJMineVC.swift in Sources */,
				338CC89F245FABA200AF3AB1 /* SJBaseVC.swift in Sources */,
				338CC89D245FABA200AF3AB1 /* SJLiveVC.swift in Sources */,
			);
			runOnlyForDeploymentPostprocessing = 0;
		};
		338CC839245C3A3C00AF3AB1 /* Sources */ = {
			isa = PBXSourcesBuildPhase;
			buildActionMask = 2147483647;
			files = (
				338CC842245C3A3C00AF3AB1 /* MyDouYuLiveTests.swift in Sources */,
			);
			runOnlyForDeploymentPostprocessing = 0;
		};
		338CC844245C3A3C00AF3AB1 /* Sources */ = {
			isa = PBXSourcesBuildPhase;
			buildActionMask = 2147483647;
			files = (
				338CC84D245C3A3C00AF3AB1 /* MyDouYuLiveUITests.swift in Sources */,
			);
			runOnlyForDeploymentPostprocessing = 0;
		};
/* End PBXSourcesBuildPhase section */

/* Begin PBXTargetDependency section */
		338CC83F245C3A3C00AF3AB1 /* PBXTargetDependency */ = {
			isa = PBXTargetDependency;
			target = 338CC826245C3A3A00AF3AB1 /* MyDouYuLive */;
			targetProxy = 338CC83E245C3A3C00AF3AB1 /* PBXContainerItemProxy */;
		};
		338CC84A245C3A3C00AF3AB1 /* PBXTargetDependency */ = {
			isa = PBXTargetDependency;
			target = 338CC826245C3A3A00AF3AB1 /* MyDouYuLive */;
			targetProxy = 338CC849245C3A3C00AF3AB1 /* PBXContainerItemProxy */;
		};
/* End PBXTargetDependency section */

/* Begin PBXVariantGroup section */
		338CC830245C3A3A00AF3AB1 /* Main.storyboard */ = {
			isa = PBXVariantGroup;
			children = (
				338CC831245C3A3A00AF3AB1 /* Base */,
			);
			name = Main.storyboard;
			sourceTree = "<group>";
		};
		338CC835245C3A3C00AF3AB1 /* LaunchScreen.storyboard */ = {
			isa = PBXVariantGroup;
			children = (
				338CC836245C3A3C00AF3AB1 /* Base */,
			);
			name = LaunchScreen.storyboard;
			sourceTree = "<group>";
		};
/* End PBXVariantGroup section */

/* Begin XCBuildConfiguration section */
		338CC84F245C3A3C00AF3AB1 /* Debug */ = {
			isa = XCBuildConfiguration;
			buildSettings = {
				ALWAYS_SEARCH_USER_PATHS = NO;
				CLANG_ANALYZER_NONNULL = YES;
				CLANG_ANALYZER_NUMBER_OBJECT_CONVERSION = YES_AGGRESSIVE;
				CLANG_CXX_LANGUAGE_STANDARD = "gnu++14";
				CLANG_CXX_LIBRARY = "libc++";
				CLANG_ENABLE_MODULES = YES;
				CLANG_ENABLE_OBJC_ARC = YES;
				CLANG_ENABLE_OBJC_WEAK = YES;
				CLANG_WARN_BLOCK_CAPTURE_AUTORELEASING = YES;
				CLANG_WARN_BOOL_CONVERSION = YES;
				CLANG_WARN_COMMA = YES;
				CLANG_WARN_CONSTANT_CONVERSION = YES;
				CLANG_WARN_DEPRECATED_OBJC_IMPLEMENTATIONS = YES;
				CLANG_WARN_DIRECT_OBJC_ISA_USAGE = YES_ERROR;
				CLANG_WARN_DOCUMENTATION_COMMENTS = YES;
				CLANG_WARN_EMPTY_BODY = YES;
				CLANG_WARN_ENUM_CONVERSION = YES;
				CLANG_WARN_INFINITE_RECURSION = YES;
				CLANG_WARN_INT_CONVERSION = YES;
				CLANG_WARN_NON_LITERAL_NULL_CONVERSION = YES;
				CLANG_WARN_OBJC_IMPLICIT_RETAIN_SELF = YES;
				CLANG_WARN_OBJC_LITERAL_CONVERSION = YES;
				CLANG_WARN_OBJC_ROOT_CLASS = YES_ERROR;
				CLANG_WARN_RANGE_LOOP_ANALYSIS = YES;
				CLANG_WARN_STRICT_PROTOTYPES = YES;
				CLANG_WARN_SUSPICIOUS_MOVE = YES;
				CLANG_WARN_UNGUARDED_AVAILABILITY = YES_AGGRESSIVE;
				CLANG_WARN_UNREACHABLE_CODE = YES;
				CLANG_WARN__DUPLICATE_METHOD_MATCH = YES;
				COPY_PHASE_STRIP = NO;
				DEBUG_INFORMATION_FORMAT = dwarf;
				ENABLE_STRICT_OBJC_MSGSEND = YES;
				ENABLE_TESTABILITY = YES;
				GCC_C_LANGUAGE_STANDARD = gnu11;
				GCC_DYNAMIC_NO_PIC = NO;
				GCC_NO_COMMON_BLOCKS = YES;
				GCC_OPTIMIZATION_LEVEL = 0;
				GCC_PREPROCESSOR_DEFINITIONS = (
					"DEBUG=1",
					"$(inherited)",
				);
				GCC_WARN_64_TO_32_BIT_CONVERSION = YES;
				GCC_WARN_ABOUT_RETURN_TYPE = YES_ERROR;
				GCC_WARN_UNDECLARED_SELECTOR = YES;
				GCC_WARN_UNINITIALIZED_AUTOS = YES_AGGRESSIVE;
				GCC_WARN_UNUSED_FUNCTION = YES;
				GCC_WARN_UNUSED_VARIABLE = YES;
				IPHONEOS_DEPLOYMENT_TARGET = 13.4;
				MTL_ENABLE_DEBUG_INFO = INCLUDE_SOURCE;
				MTL_FAST_MATH = YES;
				ONLY_ACTIVE_ARCH = YES;
				SDKROOT = iphoneos;
				SWIFT_ACTIVE_COMPILATION_CONDITIONS = DEBUG;
				SWIFT_OPTIMIZATION_LEVEL = "-Onone";
			};
			name = Debug;
		};
		338CC850245C3A3C00AF3AB1 /* Release */ = {
			isa = XCBuildConfiguration;
			buildSettings = {
				ALWAYS_SEARCH_USER_PATHS = NO;
				CLANG_ANALYZER_NONNULL = YES;
				CLANG_ANALYZER_NUMBER_OBJECT_CONVERSION = YES_AGGRESSIVE;
				CLANG_CXX_LANGUAGE_STANDARD = "gnu++14";
				CLANG_CXX_LIBRARY = "libc++";
				CLANG_ENABLE_MODULES = YES;
				CLANG_ENABLE_OBJC_ARC = YES;
				CLANG_ENABLE_OBJC_WEAK = YES;
				CLANG_WARN_BLOCK_CAPTURE_AUTORELEASING = YES;
				CLANG_WARN_BOOL_CONVERSION = YES;
				CLANG_WARN_COMMA = YES;
				CLANG_WARN_CONSTANT_CONVERSION = YES;
				CLANG_WARN_DEPRECATED_OBJC_IMPLEMENTATIONS = YES;
				CLANG_WARN_DIRECT_OBJC_ISA_USAGE = YES_ERROR;
				CLANG_WARN_DOCUMENTATION_COMMENTS = YES;
				CLANG_WARN_EMPTY_BODY = YES;
				CLANG_WARN_ENUM_CONVERSION = YES;
				CLANG_WARN_INFINITE_RECURSION = YES;
				CLANG_WARN_INT_CONVERSION = YES;
				CLANG_WARN_NON_LITERAL_NULL_CONVERSION = YES;
				CLANG_WARN_OBJC_IMPLICIT_RETAIN_SELF = YES;
				CLANG_WARN_OBJC_LITERAL_CONVERSION = YES;
				CLANG_WARN_OBJC_ROOT_CLASS = YES_ERROR;
				CLANG_WARN_RANGE_LOOP_ANALYSIS = YES;
				CLANG_WARN_STRICT_PROTOTYPES = YES;
				CLANG_WARN_SUSPICIOUS_MOVE = YES;
				CLANG_WARN_UNGUARDED_AVAILABILITY = YES_AGGRESSIVE;
				CLANG_WARN_UNREACHABLE_CODE = YES;
				CLANG_WARN__DUPLICATE_METHOD_MATCH = YES;
				COPY_PHASE_STRIP = NO;
				DEBUG_INFORMATION_FORMAT = "dwarf-with-dsym";
				ENABLE_NS_ASSERTIONS = NO;
				ENABLE_STRICT_OBJC_MSGSEND = YES;
				GCC_C_LANGUAGE_STANDARD = gnu11;
				GCC_NO_COMMON_BLOCKS = YES;
				GCC_WARN_64_TO_32_BIT_CONVERSION = YES;
				GCC_WARN_ABOUT_RETURN_TYPE = YES_ERROR;
				GCC_WARN_UNDECLARED_SELECTOR = YES;
				GCC_WARN_UNINITIALIZED_AUTOS = YES_AGGRESSIVE;
				GCC_WARN_UNUSED_FUNCTION = YES;
				GCC_WARN_UNUSED_VARIABLE = YES;
				IPHONEOS_DEPLOYMENT_TARGET = 13.4;
				MTL_ENABLE_DEBUG_INFO = NO;
				MTL_FAST_MATH = YES;
				SDKROOT = iphoneos;
				SWIFT_COMPILATION_MODE = wholemodule;
				SWIFT_OPTIMIZATION_LEVEL = "-O";
				VALIDATE_PRODUCT = YES;
			};
			name = Release;
		};
		338CC852245C3A3C00AF3AB1 /* Debug */ = {
			isa = XCBuildConfiguration;
			baseConfigurationReference = 264A493CBA6D412B30C0D580 /* Pods-MyDouYuLive.debug.xcconfig */;
			buildSettings = {
				ASSETCATALOG_COMPILER_APPICON_NAME = AppIcon;
				ASSETCATALOG_COMPILER_LAUNCHIMAGE_NAME = LaunchImage;
				CODE_SIGN_STYLE = Automatic;
				DEVELOPMENT_TEAM = CDE4TZ538Q;
				INFOPLIST_FILE = MyDouYuLive/Info.plist;
				LD_RUNPATH_SEARCH_PATHS = (
					"$(inherited)",
					"@executable_path/Frameworks",
				);
				PRODUCT_BUNDLE_IDENTIFIER = songjian.MyDouYuLive;
				PRODUCT_NAME = "$(TARGET_NAME)";
				SWIFT_VERSION = 5.0;
				TARGETED_DEVICE_FAMILY = "1,2";
			};
			name = Debug;
		};
		338CC853245C3A3C00AF3AB1 /* Release */ = {
			isa = XCBuildConfiguration;
			baseConfigurationReference = D83768DFCAC7399A611E4E1D /* Pods-MyDouYuLive.release.xcconfig */;
			buildSettings = {
				ASSETCATALOG_COMPILER_APPICON_NAME = AppIcon;
				ASSETCATALOG_COMPILER_LAUNCHIMAGE_NAME = LaunchImage;
				CODE_SIGN_STYLE = Automatic;
				DEVELOPMENT_TEAM = CDE4TZ538Q;
				INFOPLIST_FILE = MyDouYuLive/Info.plist;
				LD_RUNPATH_SEARCH_PATHS = (
					"$(inherited)",
					"@executable_path/Frameworks",
				);
				PRODUCT_BUNDLE_IDENTIFIER = songjian.MyDouYuLive;
				PRODUCT_NAME = "$(TARGET_NAME)";
				SWIFT_VERSION = 5.0;
				TARGETED_DEVICE_FAMILY = "1,2";
			};
			name = Release;
		};
		338CC855245C3A3C00AF3AB1 /* Debug */ = {
			isa = XCBuildConfiguration;
			buildSettings = {
				ALWAYS_EMBED_SWIFT_STANDARD_LIBRARIES = YES;
				BUNDLE_LOADER = "$(TEST_HOST)";
				CODE_SIGN_STYLE = Automatic;
				DEVELOPMENT_TEAM = CDE4TZ538Q;
				INFOPLIST_FILE = MyDouYuLiveTests/Info.plist;
				IPHONEOS_DEPLOYMENT_TARGET = 13.4;
				LD_RUNPATH_SEARCH_PATHS = (
					"$(inherited)",
					"@executable_path/Frameworks",
					"@loader_path/Frameworks",
				);
				PRODUCT_BUNDLE_IDENTIFIER = songjian.MyDouYuLiveTests;
				PRODUCT_NAME = "$(TARGET_NAME)";
				SWIFT_VERSION = 5.0;
				TARGETED_DEVICE_FAMILY = "1,2";
				TEST_HOST = "$(BUILT_PRODUCTS_DIR)/MyDouYuLive.app/MyDouYuLive";
			};
			name = Debug;
		};
		338CC856245C3A3C00AF3AB1 /* Release */ = {
			isa = XCBuildConfiguration;
			buildSettings = {
				ALWAYS_EMBED_SWIFT_STANDARD_LIBRARIES = YES;
				BUNDLE_LOADER = "$(TEST_HOST)";
				CODE_SIGN_STYLE = Automatic;
				DEVELOPMENT_TEAM = CDE4TZ538Q;
				INFOPLIST_FILE = MyDouYuLiveTests/Info.plist;
				IPHONEOS_DEPLOYMENT_TARGET = 13.4;
				LD_RUNPATH_SEARCH_PATHS = (
					"$(inherited)",
					"@executable_path/Frameworks",
					"@loader_path/Frameworks",
				);
				PRODUCT_BUNDLE_IDENTIFIER = songjian.MyDouYuLiveTests;
				PRODUCT_NAME = "$(TARGET_NAME)";
				SWIFT_VERSION = 5.0;
				TARGETED_DEVICE_FAMILY = "1,2";
				TEST_HOST = "$(BUILT_PRODUCTS_DIR)/MyDouYuLive.app/MyDouYuLive";
			};
			name = Release;
		};
		338CC858245C3A3C00AF3AB1 /* Debug */ = {
			isa = XCBuildConfiguration;
			buildSettings = {
				ALWAYS_EMBED_SWIFT_STANDARD_LIBRARIES = YES;
				CODE_SIGN_STYLE = Automatic;
				DEVELOPMENT_TEAM = CDE4TZ538Q;
				INFOPLIST_FILE = MyDouYuLiveUITests/Info.plist;
				LD_RUNPATH_SEARCH_PATHS = (
					"$(inherited)",
					"@executable_path/Frameworks",
					"@loader_path/Frameworks",
				);
				PRODUCT_BUNDLE_IDENTIFIER = songjian.MyDouYuLiveUITests;
				PRODUCT_NAME = "$(TARGET_NAME)";
				SWIFT_VERSION = 5.0;
				TARGETED_DEVICE_FAMILY = "1,2";
				TEST_TARGET_NAME = MyDouYuLive;
			};
			name = Debug;
		};
		338CC859245C3A3C00AF3AB1 /* Release */ = {
			isa = XCBuildConfiguration;
			buildSettings = {
				ALWAYS_EMBED_SWIFT_STANDARD_LIBRARIES = YES;
				CODE_SIGN_STYLE = Automatic;
				DEVELOPMENT_TEAM = CDE4TZ538Q;
				INFOPLIST_FILE = MyDouYuLiveUITests/Info.plist;
				LD_RUNPATH_SEARCH_PATHS = (
					"$(inherited)",
					"@executable_path/Frameworks",
					"@loader_path/Frameworks",
				);
				PRODUCT_BUNDLE_IDENTIFIER = songjian.MyDouYuLiveUITests;
				PRODUCT_NAME = "$(TARGET_NAME)";
				SWIFT_VERSION = 5.0;
				TARGETED_DEVICE_FAMILY = "1,2";
				TEST_TARGET_NAME = MyDouYuLive;
			};
			name = Release;
		};
/* End XCBuildConfiguration section */

/* Begin XCConfigurationList section */
		338CC822245C3A3A00AF3AB1 /* Build configuration list for PBXProject "MyDouYuLive" */ = {
			isa = XCConfigurationList;
			buildConfigurations = (
				338CC84F245C3A3C00AF3AB1 /* Debug */,
				338CC850245C3A3C00AF3AB1 /* Release */,
			);
			defaultConfigurationIsVisible = 0;
			defaultConfigurationName = Release;
		};
		338CC851245C3A3C00AF3AB1 /* Build configuration list for PBXNativeTarget "MyDouYuLive" */ = {
			isa = XCConfigurationList;
			buildConfigurations = (
				338CC852245C3A3C00AF3AB1 /* Debug */,
				338CC853245C3A3C00AF3AB1 /* Release */,
			);
			defaultConfigurationIsVisible = 0;
			defaultConfigurationName = Release;
		};
		338CC854245C3A3C00AF3AB1 /* Build configuration list for PBXNativeTarget "MyDouYuLiveTests" */ = {
			isa = XCConfigurationList;
			buildConfigurations = (
				338CC855245C3A3C00AF3AB1 /* Debug */,
				338CC856245C3A3C00AF3AB1 /* Release */,
			);
			defaultConfigurationIsVisible = 0;
			defaultConfigurationName = Release;
		};
		338CC857245C3A3C00AF3AB1 /* Build configuration list for PBXNativeTarget "MyDouYuLiveUITests" */ = {
			isa = XCConfigurationList;
			buildConfigurations = (
				338CC858245C3A3C00AF3AB1 /* Debug */,
				338CC859245C3A3C00AF3AB1 /* Release */,
			);
			defaultConfigurationIsVisible = 0;
			defaultConfigurationName = Release;
		};
/* End XCConfigurationList section */
	};
	rootObject = 338CC81F245C3A3A00AF3AB1 /* Project object */;
}
